// !$*UTF8*$!
{
	archiveVersion = 1;
	classes = {
	};
	objectVersion = 46;
	objects = {

/* Begin PBXBuildFile section */
		5AA39A631D886C0A0013527B /* AppDelegate.swift in Sources */ = {isa = PBXBuildFile; fileRef = 5AA39A621D886C0A0013527B /* AppDelegate.swift */; };
		5AA39A651D886C0A0013527B /* ViewController.swift in Sources */ = {isa = PBXBuildFile; fileRef = 5AA39A641D886C0A0013527B /* ViewController.swift */; };
		5AA39A681D886C0A0013527B /* Main.storyboard in Resources */ = {isa = PBXBuildFile; fileRef = 5AA39A661D886C0A0013527B /* Main.storyboard */; };
		5AA39A6A1D886C0A0013527B /* Assets.xcassets in Resources */ = {isa = PBXBuildFile; fileRef = 5AA39A691D886C0A0013527B /* Assets.xcassets */; };
		5AA39A6D1D886C0A0013527B /* LaunchScreen.storyboard in Resources */ = {isa = PBXBuildFile; fileRef = 5AA39A6B1D886C0A0013527B /* LaunchScreen.storyboard */; };
/* End PBXBuildFile section */

/* Begin PBXFileReference section */
		5AA39A5F1D886C090013527B /* Is-it-Prime.app */ = {isa = PBXFileReference; explicitFileType = wrapper.application; includeInIndex = 0; path = "Is-it-Prime.app"; sourceTree = BUILT_PRODUCTS_DIR; };
		5AA39A621D886C0A0013527B /* AppDelegate.swift */ = {isa = PBXFileReference; lastKnownFileType = sourcecode.swift; path = AppDelegate.swift; sourceTree = "<group>"; };
		5AA39A641D886C0A0013527B /* ViewController.swift */ = {isa = PBXFileReference; lastKnownFileType = sourcecode.swift; path = ViewController.swift; sourceTree = "<group>"; };
		5AA39A671D886C0A0013527B /* Base */ = {isa = PBXFileReference; lastKnownFileType = file.storyboard; name = Base; path = Base.lproj/Main.storyboard; sourceTree = "<group>"; };
		5AA39A691D886C0A0013527B /* Assets.xcassets */ = {isa = PBXFileReference; lastKnownFileType = folder.assetcatalog; path = Assets.xcassets; sourceTree = "<group>"; };
		5AA39A6C1D886C0A0013527B /* Base */ = {isa = PBXFileReference; lastKnownFileType = file.storyboard; name = Base; path = Base.lproj/LaunchScreen.storyboard; sourceTree = "<group>"; };
		5AA39A6E1D886C0A0013527B /* Info.plist */ = {isa = PBXFileReference; lastKnownFileType = text.plist.xml; path = Info.plist; sourceTree = "<group>"; };
/* End PBXFileReference section */

/* Begin PBXFrameworksBuildPhase section */
		5AA39A5C1D886C090013527B /* Frameworks */ = {
			isa = PBXFrameworksBuildPhase;
			buildActionMask = 2147483647;
			files = (
			);
			runOnlyForDeploymentPostprocessing = 0;
		};
/* End PBXFrameworksBuildPhase section */

/* Begin PBXGroup section */
		5AA39A561D886C090013527B = {
			isa = PBXGroup;
			children = (
				5AA39A611D886C090013527B /* Is-it-Prime */,
				5AA39A601D886C090013527B /* Products */,
			);
			sourceTree = "<group>";
		};
		5AA39A601D886C090013527B /* Products */ = {
			isa = PBXGroup;
			children = (
				5AA39A5F1D886C090013527B /* Is-it-Prime.app */,
			);
			name = Products;
			sourceTree = "<group>";
		};
		5AA39A611D886C090013527B /* Is-it-Prime */ = {
			isa = PBXGroup;
			children = (
				5AA39A621D886C0A0013527B /* AppDelegate.swift */,
				5AA39A641D886C0A0013527B /* ViewController.swift */,
				5AA39A661D886C0A0013527B /* Main.storyboard */,
				5AA39A691D886C0A0013527B /* Assets.xcassets */,
				5AA39A6B1D886C0A0013527B /* LaunchScreen.storyboard */,
				5AA39A6E1D886C0A0013527B /* Info.plist */,
			);
			path = "Is-it-Prime";
			sourceTree = "<group>";
		};
/* End PBXGroup section */

/* Begin PBXNativeTarget section */
		5AA39A5E1D886C090013527B /* Is-it-Prime */ = {
			isa = PBXNativeTarget;
			buildConfigurationList = 5AA39A711D886C0A0013527B /* Build configuration list for PBXNativeTarget "Is-it-Prime" */;
			buildPhases = (
				5AA39A5B1D886C090013527B /* Sources */,
				5AA39A5C1D886C090013527B /* Frameworks */,
				5AA39A5D1D886C090013527B /* Resources */,
			);
			buildRules = (
			);
			dependencies = (
			);
			name = "Is-it-Prime";
			productName = "Is-it-Prime";
			productReference = 5AA39A5F1D886C090013527B /* Is-it-Prime.app */;
			productType = "com.apple.product-type.application";
		};
/* End PBXNativeTarget section */

/* Begin PBXProject section */
		5AA39A571D886C090013527B /* Project object */ = {
			isa = PBXProject;
			attributes = {
				LastSwiftUpdateCheck = 0730;
				LastUpgradeCheck = 0730;
				ORGANIZATIONNAME = "Phu Nguyen";
				TargetAttributes = {
					5AA39A5E1D886C090013527B = {
						CreatedOnToolsVersion = 7.3.1;
					};
				};
			};
			buildConfigurationList = 5AA39A5A1D886C090013527B /* Build configuration list for PBXProject "Is-it-Prime" */;
			compatibilityVersion = "Xcode 3.2";
			developmentRegion = English;
			hasScannedForEncodings = 0;
			knownRegions = (
				en,
				Base,
			);
			mainGroup = 5AA39A561D886C090013527B;
			productRefGroup = 5AA39A601D886C090013527B /* Products */;
			projectDirPath = "";
			projectRoot = "";
			targets = (
				5AA39A5E1D886C090013527B /* Is-it-Prime */,
			);
		};
/* End PBXProject section */

/* Begin PBXResourcesBuildPhase section */
		5AA39A5D1D886C090013527B /* Resources */ = {
			isa = PBXResourcesBuildPhase;
			buildActionMask = 2147483647;
			files = (
				5AA39A6D1D886C0A0013527B /* LaunchScreen.storyboard in Resources */,
				5AA39A6A1D886C0A0013527B /* Assets.xcassets in Resources */,
				5AA39A681D886C0A0013527B /* Main.storyboard in Resources */,
			);
			runOnlyForDeploymentPostprocessing = 0;
		};
/* End PBXResourcesBuildPhase section */

/* Begin PBXSourcesBuildPhase section */
		5AA39A5B1D886C090013527B /* Sources */ = {
			isa = PBXSourcesBuildPhase;
			buildActionMask = 2147483647;
			files = (
				5AA39A651D886C0A0013527B /* ViewController.swift in Sources */,
				5AA39A631D886C0A0013527B /* AppDelegate.swift in Sources */,
			);
			runOnlyForDeploymentPostprocessing = 0;
		};
/* End PBXSourcesBuildPhase section */

/* Begin PBXVariantGroup section */
		5AA39A661D886C0A0013527B /* Main.storyboard */ = {
			isa = PBXVariantGroup;
			children = (
				5AA39A671D886C0A0013527B /* Base */,
			);
			name = Main.storyboard;
			sourceTree = "<group>";
		};
		5AA39A6B1D886C0A0013527B /* LaunchScreen.storyboard */ = {
			isa = PBXVariantGroup;
			children = (
				5AA39A6C1D886C0A0013527B /* Base */,
			);
			name = LaunchScreen.storyboard;
			sourceTree = "<group>";
		};
/* End PBXVariantGroup section */

/* Begin XCBuildConfiguration section */
		5AA39A6F1D886C0A0013527B /* Debug */ = {
			isa = XCBuildConfiguration;
			buildSettings = {
				ALWAYS_SEARCH_USER_PATHS = NO;
				CLANG_ANALYZER_NONNULL = YES;
				CLANG_CXX_LANGUAGE_STANDARD = "gnu++0x";
				CLANG_CXX_LIBRARY = "libc++";
				CLANG_ENABLE_MODULES = YES;
				CLANG_ENABLE_OBJC_ARC = YES;
				CLANG_WARN_BOOL_CONVERSION = YES;
				CLANG_WARN_CONSTANT_CONVERSION = YES;
				CLANG_WARN_DIRECT_OBJC_ISA_USAGE = YES_ERROR;
				CLANG_WARN_EMPTY_BODY = YES;
				CLANG_WARN_ENUM_CONVERSION = YES;
				CLANG_WARN_INT_CONVERSION = YES;
				CLANG_WARN_OBJC_ROOT_CLASS = YES_ERROR;
				CLANG_WARN_UNREACHABLE_CODE = YES;
				CLANG_WARN__DUPLICATE_METHOD_MATCH = YES;
				"CODE_SIGN_IDENTITY[sdk=iphoneos*]" = "iPhone Developer";
				COPY_PHASE_STRIP = NO;
				DEBUG_INFORMATION_FORMAT = dwarf;
				ENABLE_STRICT_OBJC_MSGSEND = YES;
				ENABLE_TESTABILITY = YES;
				GCC_C_LANGUAGE_STANDARD = gnu99;
				GCC_DYNAMIC_NO_PIC = NO;
				GCC_NO_COMMON_BLOCKS = YES;
				GCC_OPTIMIZATION_LEVEL = 0;
				GCC_PREPROCESSOR_DEFINITIONS = (
					"DEBUG=1",
					"$(inherited)",
				);
				GCC_WARN_64_TO_32_BIT_CONVERSION = YES;
				GCC_WARN_ABOUT_RETURN_TYPE = YES_ERROR;
				GCC_WARN_UNDECLARED_SELECTOR = YES;
				GCC_WARN_UNINITIALIZED_AUTOS = YES_AGGRESSIVE;
				GCC_WARN_UNUSED_FUNCTION = YES;
				GCC_WARN_UNUSED_VARIABLE = YES;
				IPHONEOS_DEPLOYMENT_TARGET = 9.3;
				MTL_ENABLE_DEBUG_INFO = YES;
				ONLY_ACTIVE_ARCH = YES;
				SDKROOT = iphoneos;
				SWIFT_OPTIMIZATION_LEVEL = "-Onone";
				TARGETED_DEVICE_FAMILY = "1,2";
			};
			name = Debug;
		};
		5AA39A701D886C0A0013527B /* Release */ = {
			isa = XCBuildConfiguration;
			buildSettings = {
				ALWAYS_SEARCH_USER_PATHS = NO;
				CLANG_ANALYZER_NONNULL = YES;
				CLANG_CXX_LANGUAGE_STANDARD = "gnu++0x";
				CLANG_CXX_LIBRARY = "libc++";
				CLANG_ENABLE_MODULES = YES;
				CLANG_ENABLE_OBJC_ARC = YES;
				CLANG_WARN_BOOL_CONVERSION = YES;
				CLANG_WARN_CONSTANT_CONVERSION = YES;
				CLANG_WARN_DIRECT_OBJC_ISA_USAGE = YES_ERROR;
				CLANG_WARN_EMPTY_BODY = YES;
				CLANG_WARN_ENUM_CONVERSION = YES;
				CLANG_WARN_INT_CONVERSION = YES;
				CLANG_WARN_OBJC_ROOT_CLASS = YES_ERROR;
				CLANG_WARN_UNREACHABLE_CODE = YES;
				CLANG_WARN__DUPLICATE_METHOD_MATCH = YES;
				"CODE_SIGN_IDENTITY[sdk=iphoneos*]" = "iPhone Developer";
				COPY_PHASE_STRIP = NO;
				DEBUG_INFORMATION_FORMAT = "dwarf-with-dsym";
				ENABLE_NS_ASSERTIONS = NO;
				ENABLE_STRICT_OBJC_MSGSEND = YES;
				GCC_C_LANGUAGE_STANDARD = gnu99;
				GCC_NO_COMMON_BLOCKS = YES;
				GCC_WARN_64_TO_32_BIT_CONVERSION = YES;
				GCC_WARN_ABOUT_RETURN_TYPE = YES_ERROR;
				GCC_WARN_UNDECLARED_SELECTOR = YES;
				GCC_WARN_UNINITIALIZED_AUTOS = YES_AGGRESSIVE;
				GCC_WARN_UNUSED_FUNCTION = YES;
				GCC_WARN_UNUSED_VARIABLE = YES;
				IPHONEOS_DEPLOYMENT_TARGET = 9.3;
				MTL_ENABLE_DEBUG_INFO = NO;
				SDKROOT = iphoneos;
				TARGETED_DEVICE_FAMILY = "1,2";
				VALIDATE_PRODUCT = YES;
			};
			name = Release;
		};
		5AA39A721D886C0A0013527B /* Debug */ = {
			isa = XCBuildConfiguration;
			buildSettings = {
				ASSETCATALOG_COMPILER_APPICON_NAME = AppIcon;
				INFOPLIST_FILE = "Is-it-Prime/Info.plist";
				LD_RUNPATH_SEARCH_PATHS = "$(inherited) @executable_path/Frameworks";
				PRODUCT_BUNDLE_IDENTIFIER = "phu.Is-it-Prime";
				PRODUCT_NAME = "$(TARGET_NAME)";
			};
			name = Debug;
		};
		5AA39A731D886C0A0013527B /* Release */ = {
			isa = XCBuildConfiguration;
			buildSettings = {
				ASSETCATALOG_COMPILER_APPICON_NAME = AppIcon;
				INFOPLIST_FILE = "Is-it-Prime/Info.plist";
				LD_RUNPATH_SEARCH_PATHS = "$(inherited) @executable_path/Frameworks";
				PRODUCT_BUNDLE_IDENTIFIER = "phu.Is-it-Prime";
				PRODUCT_NAME = "$(TARGET_NAME)";
			};
			name = Release;
		};
/* End XCBuildConfiguration section */

/* Begin XCConfigurationList section */
		5AA39A5A1D886C090013527B /* Build configuration list for PBXProject "Is-it-Prime" */ = {
			isa = XCConfigurationList;
			buildConfigurations = (
				5AA39A6F1D886C0A0013527B /* Debug */,
				5AA39A701D886C0A0013527B /* Release */,
			);
			defaultConfigurationIsVisible = 0;
			defaultConfigurationName = Release;
		};
		5AA39A711D886C0A0013527B /* Build configuration list for PBXNativeTarget "Is-it-Prime" */ = {
			isa = XCConfigurationList;
			buildConfigurations = (
				5AA39A721D886C0A0013527B /* Debug */,
				5AA39A731D886C0A0013527B /* Release */,
			);
			defaultConfigurationIsVisible = 0;
		};
/* End XCConfigurationList section */
	};
	rootObject = 5AA39A571D886C090013527B /* Project object */;
}
